pid=16204 host=DESKTOP-OS3UHPD
pid=6116 host=DESKTOP-OS3UHPD
pid=21980 host=DESKTOP-OS3UHPD
pid=24568 host=DESKTOP-OS3UHPD
pid=13572 host=DESKTOP-OS3UHPD
pid=3556 host=DESKTOP-OS3UHPD
pid=3800 host=DESKTOP-OS3UHPD
pid=10372 host=DESKTOP-OS3UHPD
pid=14764 host=DESKTOP-OS3UHPD
pid=37828 host=DESKTOP-OS3UHPD
pid=5820 host=DESKTOP-OS3UHPD
pid=41332 host=DESKTOP-OS3UHPD
pid=18988 host=DESKTOP-OS3UHPD
pid=32764 host=DESKTOP-OS3UHPD
pid=14012 host=DESKTOP-OS3UHPD
